
Microsoft Visual Studio Solution File, Format Version 12.00
# Visual Studio Version 17
VisualStudioVersion = 17.4.33205.214
MinimumVisualStudioVersion = 10.0.40219.1
Project("{FAE04EC0-301F-11D3-BF4B-00C04F79EFBC}") = "LineComparisonProblem", "LineComparisonProblem\LineComparisonProblem.csproj", "{23C59202-1796-4429-A279-EB8691151D56}"
EndProject
Global
	GlobalSection(SolutionConfigurationPlatforms) = preSolution
		Debug|Any CPU = Debug|Any CPU
		Release|Any CPU = Release|Any CPU
	EndGlobalSection
	GlobalSection(ProjectConfigurationPlatforms) = postSolution
		{23C59202-1796-4429-A279-EB8691151D56}.Debug|Any CPU.ActiveCfg = Debug|Any CPU
		{23C59202-1796-4429-A279-EB8691151D56}.Debug|Any CPU.Build.0 = Debug|Any CPU
		{23C59202-1796-4429-A279-EB8691151D56}.Release|Any CPU.ActiveCfg = Release|Any CPU
		{23C59202-1796-4429-A279-EB8691151D56}.Release|Any CPU.Build.0 = Release|Any CPU
	EndGlobalSection
	GlobalSection(SolutionProperties) = preSolution
		HideSolutionNode = FALSE
	EndGlobalSection
	GlobalSection(ExtensibilityGlobals) = postSolution
		SolutionGuid = {2DC75DD8-EE7D-4148-9E6C-66E55B6286FE}
	EndGlobalSection
EndGlobal
